
Microsoft Visual Studio Solution File, Format Version 12.00
# Visual Studio Version 17
VisualStudioVersion = 17.14.36212.18 d17.14
MinimumVisualStudioVersion = 10.0.40219.1
Project("{FAE04EC0-301F-11D3-BF4B-00C04F79EFBC}") = "Monogame", "Monogame\Monogame.csproj", "{158D9BEB-D8C2-4DE6-B1EA-89F30303F56F}"
EndProject
Global
	GlobalSection(SolutionConfigurationPlatforms) = preSolution
		Debug|Any CPU = Debug|Any CPU
		Release|Any CPU = Release|Any CPU
	EndGlobalSection
	GlobalSection(ProjectConfigurationPlatforms) = postSolution
		{158D9BEB-D8C2-4DE6-B1EA-89F30303F56F}.Debug|Any CPU.ActiveCfg = Debug|Any CPU
		{158D9BEB-D8C2-4DE6-B1EA-89F30303F56F}.Debug|Any CPU.Build.0 = Debug|Any CPU
		{158D9BEB-D8C2-4DE6-B1EA-89F30303F56F}.Release|Any CPU.ActiveCfg = Release|Any CPU
		{158D9BEB-D8C2-4DE6-B1EA-89F30303F56F}.Release|Any CPU.Build.0 = Release|Any CPU
	EndGlobalSection
	GlobalSection(SolutionProperties) = preSolution
		HideSolutionNode = FALSE
	EndGlobalSection
	GlobalSection(ExtensibilityGlobals) = postSolution
		SolutionGuid = {390426FD-40F6-4BC0-9943-D2225C76C256}
	EndGlobalSection
EndGlobal
